// !$*UTF8*$!
{
	archiveVersion = 1;
	classes = {
	};
	objectVersion = 77;
	objects = {

/* Begin PBXBuildFile section */
		05DAC3E3819FD8D3AED82CC8 /* OPKTerminalRPC in Frameworks */ = {isa = PBXBuildFile; productRef = 2BF56EF401912BF58C4AA87D /* OPKTerminalRPC */; };
		107353DCB6A3E4028A50B95B /* SettlementView.swift in Sources */ = {isa = PBXBuildFile; fileRef = ADC1BA20DF852782F0A85D8E /* SettlementView.swift */; };
		18294CDA1F24EC91C766555B /* KeyboardDismissToolbar.swift in Sources */ = {isa = PBXBuildFile; fileRef = 12F51EF9245CE3080AD46C1C /* KeyboardDismissToolbar.swift */; };
		2436BEC402F17C6C3F93D22E /* ProvisioningAppTests.swift in Sources */ = {isa = PBXBuildFile; fileRef = 78F1B7CE154D7DEE04117BA2 /* ProvisioningAppTests.swift */; };
		243B86D5F9F16944DB0F35F6 /* StoredSettlement.swift in Sources */ = {isa = PBXBuildFile; fileRef = A4989A551BB01926EC91CF2B /* StoredSettlement.swift */; };
		24A3B3857C566A3E872078E1 /* AdminPINStore.swift in Sources */ = {isa = PBXBuildFile; fileRef = 23CECB404EFECABF9287D18E /* AdminPINStore.swift */; };
		2F13DF7FB8F29D5F70B6668F /* AppModel.swift in Sources */ = {isa = PBXBuildFile; fileRef = F336BEA05ED67165F7EEB27E /* AppModel.swift */; };
		37BD6907BFAFECED9C45DCA1 /* AppSettings.swift in Sources */ = {isa = PBXBuildFile; fileRef = 1E2580CFEBF610B95FE105C6 /* AppSettings.swift */; };
		498C710650A0729BCAA01E63 /* OPKTerminalOperator in Frameworks */ = {isa = PBXBuildFile; productRef = 90808346033FEC346AAA9AAD /* OPKTerminalOperator */; };
		55524B8FD1BC7FF27AA2FFC5 /* OperatorResetSafety.swift in Sources */ = {isa = PBXBuildFile; fileRef = CA0426521B7E20B2920D3725 /* OperatorResetSafety.swift */; };
		5671522D1F9D79A90AD94C12 /* KeyboardDismissalUITests.swift in Sources */ = {isa = PBXBuildFile; fileRef = 5D5746A9CDFDA4B8F510F419 /* KeyboardDismissalUITests.swift */; };
		59923466552070005599E7E4 /* TerminalReadiness.swift in Sources */ = {isa = PBXBuildFile; fileRef = FD186F6FBA69C3785543AEE5 /* TerminalReadiness.swift */; };
		5B7EA10B53873A3A531E7BA6 /* ResetAndSettlementGroupingTests.swift in Sources */ = {isa = PBXBuildFile; fileRef = 5EB426733A1D240E64951D19 /* ResetAndSettlementGroupingTests.swift */; };
		628341D2CFDF455D614FA84E /* OPKTerminalCore in Frameworks */ = {isa = PBXBuildFile; productRef = 7AF6210BF2588C4F6C012D4C /* OPKTerminalCore */; };
		67D4566FFD8A1CE1298199F6 /* OPKTerminalCore in Frameworks */ = {isa = PBXBuildFile; productRef = FA75F3B1C18EDE2317F306B5 /* OPKTerminalCore */; };
		AEFF5C1D371AFEC63EF71D07 /* PrivacyInfo.xcprivacy in Resources */ = {isa = PBXBuildFile; fileRef = AD692CE282BE1225E849A3B5 /* PrivacyInfo.xcprivacy */; };
		B0190206586F87221C7EA5F6 /* SettingsView.swift in Sources */ = {isa = PBXBuildFile; fileRef = 756E5FDEC605676AF960EE9B /* SettingsView.swift */; };
		CCEFA0A1E5AABB9EC56F9F4E /* SettlementBatchGrouping.swift in Sources */ = {isa = PBXBuildFile; fileRef = 60225D816DE46A29E091EF08 /* SettlementBatchGrouping.swift */; };
		CE107B3D5F39B62D29C5AFAF /* StoredInvoice.swift in Sources */ = {isa = PBXBuildFile; fileRef = C793156B47CF83EA94F702DC /* StoredInvoice.swift */; };
		D956810EF9C3953161BF677F /* QRCodeImage.swift in Sources */ = {isa = PBXBuildFile; fileRef = 6205D28D194FF1F1ABFEE432 /* QRCodeImage.swift */; };
		E10950392415D8088C0E0617 /* ContentView.swift in Sources */ = {isa = PBXBuildFile; fileRef = 454F035A1B4282472EBE46B5 /* ContentView.swift */; };
		E8ED3530BDCEEAD129C18608 /* SettingsRecoveryAndSettlementGuardTests.swift in Sources */ = {isa = PBXBuildFile; fileRef = F8576D4EB72C210318311796 /* SettingsRecoveryAndSettlementGuardTests.swift */; };
		E9FEADCFEDC07B1690B88069 /* OPKTerminalApp.swift in Sources */ = {isa = PBXBuildFile; fileRef = AA8D918A4F1E641C77252BF8 /* OPKTerminalApp.swift */; };
		F71F83A66D812664E182B08E /* ConfigurationAddressScanner.swift in Sources */ = {isa = PBXBuildFile; fileRef = BFBB39B22012F5CB338817C2 /* ConfigurationAddressScanner.swift */; };
		FAF3036E94175E3DBD309AB3 /* OPKTerminalOperator in Frameworks */ = {isa = PBXBuildFile; productRef = AFD32C7E83DA8AC8ADB7EB8E /* OPKTerminalOperator */; };
		FD23B81B13E22473F70114C8 /* Assets.xcassets in Resources */ = {isa = PBXBuildFile; fileRef = E635A3DB06657654B0D55367 /* Assets.xcassets */; };
/* End PBXBuildFile section */

/* Begin PBXContainerItemProxy section */
		60134365678F43096DC843DD /* PBXContainerItemProxy */ = {
			isa = PBXContainerItemProxy;
			containerPortal = 4150EA981F4E70969C53DF2C /* Project object */;
			proxyType = 1;
			remoteGlobalIDString = F4BFD273662849820C685188;
			remoteInfo = OPKTerminalApp;
		};
		E2657296D4FE3D2F0565A409 /* PBXContainerItemProxy */ = {
			isa = PBXContainerItemProxy;
			containerPortal = 4150EA981F4E70969C53DF2C /* Project object */;
			proxyType = 1;
			remoteGlobalIDString = F4BFD273662849820C685188;
			remoteInfo = OPKTerminalApp;
		};
/* End PBXContainerItemProxy section */

/* Begin PBXFileReference section */
		0E574FC69C0BC37CED06C39F /* OPKTerminalApp.app */ = {isa = PBXFileReference; includeInIndex = 0; lastKnownFileType = wrapper.application; path = OPKTerminalApp.app; sourceTree = BUILT_PRODUCTS_DIR; };
		12F51EF9245CE3080AD46C1C /* KeyboardDismissToolbar.swift */ = {isa = PBXFileReference; lastKnownFileType = sourcecode.swift; path = KeyboardDismissToolbar.swift; sourceTree = "<group>"; };
		1E2580CFEBF610B95FE105C6 /* AppSettings.swift */ = {isa = PBXFileReference; lastKnownFileType = sourcecode.swift; path = AppSettings.swift; sourceTree = "<group>"; };
		23CECB404EFECABF9287D18E /* AdminPINStore.swift */ = {isa = PBXFileReference; lastKnownFileType = sourcecode.swift; path = AdminPINStore.swift; sourceTree = "<group>"; };
		2607214834EEA1EE5160723F /* OPKTerminalAppUITests.xctest */ = {isa = PBXFileReference; includeInIndex = 0; lastKnownFileType = wrapper.cfbundle; path = OPKTerminalAppUITests.xctest; sourceTree = BUILT_PRODUCTS_DIR; };
		454F035A1B4282472EBE46B5 /* ContentView.swift */ = {isa = PBXFileReference; lastKnownFileType = sourcecode.swift; path = ContentView.swift; sourceTree = "<group>"; };
		5D5746A9CDFDA4B8F510F419 /* KeyboardDismissalUITests.swift */ = {isa = PBXFileReference; lastKnownFileType = sourcecode.swift; path = KeyboardDismissalUITests.swift; sourceTree = "<group>"; };
		5EB426733A1D240E64951D19 /* ResetAndSettlementGroupingTests.swift */ = {isa = PBXFileReference; lastKnownFileType = sourcecode.swift; path = ResetAndSettlementGroupingTests.swift; sourceTree = "<group>"; };
		60225D816DE46A29E091EF08 /* SettlementBatchGrouping.swift */ = {isa = PBXFileReference; lastKnownFileType = sourcecode.swift; path = SettlementBatchGrouping.swift; sourceTree = "<group>"; };
		6205D28D194FF1F1ABFEE432 /* QRCodeImage.swift */ = {isa = PBXFileReference; lastKnownFileType = sourcecode.swift; path = QRCodeImage.swift; sourceTree = "<group>"; };
		668F190B8477B82612A8E736 /* OPKTerminalAppTests.xctest */ = {isa = PBXFileReference; includeInIndex = 0; lastKnownFileType = wrapper.cfbundle; path = OPKTerminalAppTests.xctest; sourceTree = BUILT_PRODUCTS_DIR; };
		756E5FDEC605676AF960EE9B /* SettingsView.swift */ = {isa = PBXFileReference; lastKnownFileType = sourcecode.swift; path = SettingsView.swift; sourceTree = "<group>"; };
		78F1B7CE154D7DEE04117BA2 /* ProvisioningAppTests.swift */ = {isa = PBXFileReference; lastKnownFileType = sourcecode.swift; path = ProvisioningAppTests.swift; sourceTree = "<group>"; };
		A4989A551BB01926EC91CF2B /* StoredSettlement.swift */ = {isa = PBXFileReference; lastKnownFileType = sourcecode.swift; path = StoredSettlement.swift; sourceTree = "<group>"; };
		AA8D918A4F1E641C77252BF8 /* OPKTerminalApp.swift */ = {isa = PBXFileReference; lastKnownFileType = sourcecode.swift; path = OPKTerminalApp.swift; sourceTree = "<group>"; };
		AD692CE282BE1225E849A3B5 /* PrivacyInfo.xcprivacy */ = {isa = PBXFileReference; path = PrivacyInfo.xcprivacy; sourceTree = "<group>"; };
		ADC1BA20DF852782F0A85D8E /* SettlementView.swift */ = {isa = PBXFileReference; lastKnownFileType = sourcecode.swift; path = SettlementView.swift; sourceTree = "<group>"; };
		BFBB39B22012F5CB338817C2 /* ConfigurationAddressScanner.swift */ = {isa = PBXFileReference; lastKnownFileType = sourcecode.swift; path = ConfigurationAddressScanner.swift; sourceTree = "<group>"; };
		C793156B47CF83EA94F702DC /* StoredInvoice.swift */ = {isa = PBXFileReference; lastKnownFileType = sourcecode.swift; path = StoredInvoice.swift; sourceTree = "<group>"; };
		CA0426521B7E20B2920D3725 /* OperatorResetSafety.swift */ = {isa = PBXFileReference; lastKnownFileType = sourcecode.swift; path = OperatorResetSafety.swift; sourceTree = "<group>"; };
		CEB6EA3CDCC2868247582FAC /* ios */ = {isa = PBXFileReference; lastKnownFileType = folder; name = ios; path = .; sourceTree = SOURCE_ROOT; };
		E635A3DB06657654B0D55367 /* Assets.xcassets */ = {isa = PBXFileReference; lastKnownFileType = folder.assetcatalog; path = Assets.xcassets; sourceTree = "<group>"; };
		F336BEA05ED67165F7EEB27E /* AppModel.swift */ = {isa = PBXFileReference; lastKnownFileType = sourcecode.swift; path = AppModel.swift; sourceTree = "<group>"; };
		F8576D4EB72C210318311796 /* SettingsRecoveryAndSettlementGuardTests.swift */ = {isa = PBXFileReference; lastKnownFileType = sourcecode.swift; path = SettingsRecoveryAndSettlementGuardTests.swift; sourceTree = "<group>"; };
		FD186F6FBA69C3785543AEE5 /* TerminalReadiness.swift */ = {isa = PBXFileReference; lastKnownFileType = sourcecode.swift; path = TerminalReadiness.swift; sourceTree = "<group>"; };
/* End PBXFileReference section */

/* Begin PBXFrameworksBuildPhase section */
		2CE69B7D3CD61205CFCDD480 /* Frameworks */ = {
			isa = PBXFrameworksBuildPhase;
			buildActionMask = 2147483647;
			files = (
				67D4566FFD8A1CE1298199F6 /* OPKTerminalCore in Frameworks */,
				05DAC3E3819FD8D3AED82CC8 /* OPKTerminalRPC in Frameworks */,
				FAF3036E94175E3DBD309AB3 /* OPKTerminalOperator in Frameworks */,
			);
			runOnlyForDeploymentPostprocessing = 0;
		};
		318205C9DAE492812B7365BC /* Frameworks */ = {
			isa = PBXFrameworksBuildPhase;
			buildActionMask = 2147483647;
			files = (
				628341D2CFDF455D614FA84E /* OPKTerminalCore in Frameworks */,
				498C710650A0729BCAA01E63 /* OPKTerminalOperator in Frameworks */,
			);
			runOnlyForDeploymentPostprocessing = 0;
		};
/* End PBXFrameworksBuildPhase section */

/* Begin PBXGroup section */
		52A85BAF47912A497CD40199 /* App */ = {
			isa = PBXGroup;
			children = (
				F71312CB8B016F3EB8C26E27 /* Resources */,
				ADE3C8A32D60D37A70F4A34A /* Sources */,
			);
			path = App;
			sourceTree = "<group>";
		};
		69BD88ECD56BA5DDF9A59E00 /* AppUITests */ = {
			isa = PBXGroup;
			children = (
				5D5746A9CDFDA4B8F510F419 /* KeyboardDismissalUITests.swift */,
			);
			path = AppUITests;
			sourceTree = "<group>";
		};
		72E854257B611644D0610C24 /* Packages */ = {
			isa = PBXGroup;
			children = (
				CEB6EA3CDCC2868247582FAC /* ios */,
			);
			name = Packages;
			sourceTree = "<group>";
		};
		8703E5FB5C72EB56D36993A5 /* Products */ = {
			isa = PBXGroup;
			children = (
				0E574FC69C0BC37CED06C39F /* OPKTerminalApp.app */,
				668F190B8477B82612A8E736 /* OPKTerminalAppTests.xctest */,
				2607214834EEA1EE5160723F /* OPKTerminalAppUITests.xctest */,
			);
			name = Products;
			sourceTree = "<group>";
		};
		ADE3C8A32D60D37A70F4A34A /* Sources */ = {
			isa = PBXGroup;
			children = (
				23CECB404EFECABF9287D18E /* AdminPINStore.swift */,
				F336BEA05ED67165F7EEB27E /* AppModel.swift */,
				1E2580CFEBF610B95FE105C6 /* AppSettings.swift */,
				BFBB39B22012F5CB338817C2 /* ConfigurationAddressScanner.swift */,
				454F035A1B4282472EBE46B5 /* ContentView.swift */,
				12F51EF9245CE3080AD46C1C /* KeyboardDismissToolbar.swift */,
				CA0426521B7E20B2920D3725 /* OperatorResetSafety.swift */,
				AA8D918A4F1E641C77252BF8 /* OPKTerminalApp.swift */,
				6205D28D194FF1F1ABFEE432 /* QRCodeImage.swift */,
				756E5FDEC605676AF960EE9B /* SettingsView.swift */,
				60225D816DE46A29E091EF08 /* SettlementBatchGrouping.swift */,
				ADC1BA20DF852782F0A85D8E /* SettlementView.swift */,
				C793156B47CF83EA94F702DC /* StoredInvoice.swift */,
				A4989A551BB01926EC91CF2B /* StoredSettlement.swift */,
				FD186F6FBA69C3785543AEE5 /* TerminalReadiness.swift */,
			);
			path = Sources;
			sourceTree = "<group>";
		};
		BEA022A80827A0530F16FC25 /* AppTests */ = {
			isa = PBXGroup;
			children = (
				78F1B7CE154D7DEE04117BA2 /* ProvisioningAppTests.swift */,
				5EB426733A1D240E64951D19 /* ResetAndSettlementGroupingTests.swift */,
				F8576D4EB72C210318311796 /* SettingsRecoveryAndSettlementGuardTests.swift */,
			);
			path = AppTests;
			sourceTree = "<group>";
		};
		C6A65DFA614F04C09DB686F9 = {
			isa = PBXGroup;
			children = (
				52A85BAF47912A497CD40199 /* App */,
				BEA022A80827A0530F16FC25 /* AppTests */,
				69BD88ECD56BA5DDF9A59E00 /* AppUITests */,
				72E854257B611644D0610C24 /* Packages */,
				8703E5FB5C72EB56D36993A5 /* Products */,
			);
			sourceTree = "<group>";
		};
		F71312CB8B016F3EB8C26E27 /* Resources */ = {
			isa = PBXGroup;
			children = (
				E635A3DB06657654B0D55367 /* Assets.xcassets */,
				AD692CE282BE1225E849A3B5 /* PrivacyInfo.xcprivacy */,
			);
			path = Resources;
			sourceTree = "<group>";
		};
/* End PBXGroup section */

/* Begin PBXNativeTarget section */
		132BBF504E0786330423FDD6 /* OPKTerminalAppTests */ = {
			isa = PBXNativeTarget;
			buildConfigurationList = 9A494CF93D863B22836C6EF6 /* Build configuration list for PBXNativeTarget "OPKTerminalAppTests" */;
			buildPhases = (
				12D6462DC2155D1494A025F2 /* Sources */,
				318205C9DAE492812B7365BC /* Frameworks */,
			);
			buildRules = (
			);
			dependencies = (
				C176271119A99C20C4D9BB7D /* PBXTargetDependency */,
			);
			name = OPKTerminalAppTests;
			packageProductDependencies = (
				7AF6210BF2588C4F6C012D4C /* OPKTerminalCore */,
				90808346033FEC346AAA9AAD /* OPKTerminalOperator */,
			);
			productName = OPKTerminalAppTests;
			productReference = 668F190B8477B82612A8E736 /* OPKTerminalAppTests.xctest */;
			productType = "com.apple.product-type.bundle.unit-test";
		};
		CAD15416F078AE8FA6FC8994 /* OPKTerminalAppUITests */ = {
			isa = PBXNativeTarget;
			buildConfigurationList = 6387FF0D5B7FB26E4B1FADF4 /* Build configuration list for PBXNativeTarget "OPKTerminalAppUITests" */;
			buildPhases = (
				94FC335B41DEC07B3D9FB593 /* Sources */,
			);
			buildRules = (
			);
			dependencies = (
				68A60376F498003D24C8F610 /* PBXTargetDependency */,
			);
			name = OPKTerminalAppUITests;
			packageProductDependencies = (
			);
			productName = OPKTerminalAppUITests;
			productReference = 2607214834EEA1EE5160723F /* OPKTerminalAppUITests.xctest */;
			productType = "com.apple.product-type.bundle.ui-testing";
		};
		F4BFD273662849820C685188 /* OPKTerminalApp */ = {
			isa = PBXNativeTarget;
			buildConfigurationList = 783D262C827E7BAC27E353C6 /* Build configuration list for PBXNativeTarget "OPKTerminalApp" */;
			buildPhases = (
				02BE4F1D8A60CB1606BD1267 /* Sources */,
				D01AC93723DFEF45A9AC04AA /* Resources */,
				2CE69B7D3CD61205CFCDD480 /* Frameworks */,
			);
			buildRules = (
			);
			dependencies = (
			);
			name = OPKTerminalApp;
			packageProductDependencies = (
				FA75F3B1C18EDE2317F306B5 /* OPKTerminalCore */,
				2BF56EF401912BF58C4AA87D /* OPKTerminalRPC */,
				AFD32C7E83DA8AC8ADB7EB8E /* OPKTerminalOperator */,
			);
			productName = OPKTerminalApp;
			productReference = 0E574FC69C0BC37CED06C39F /* OPKTerminalApp.app */;
			productType = "com.apple.product-type.application";
		};
/* End PBXNativeTarget section */

/* Begin PBXProject section */
		4150EA981F4E70969C53DF2C /* Project object */ = {
			isa = PBXProject;
			attributes = {
				BuildIndependentTargetsInParallel = YES;
				LastUpgradeCheck = 1430;
				TargetAttributes = {
					132BBF504E0786330423FDD6 = {
						DevelopmentTeam = 3272Q6WG52;
						ProvisioningStyle = Automatic;
					};
					CAD15416F078AE8FA6FC8994 = {
						DevelopmentTeam = 3272Q6WG52;
						ProvisioningStyle = Automatic;
						TestTargetID = F4BFD273662849820C685188;
					};
					F4BFD273662849820C685188 = {
						DevelopmentTeam = 3272Q6WG52;
						ProvisioningStyle = Automatic;
					};
				};
			};
			buildConfigurationList = C5C287ACC568CE0B21475EE3 /* Build configuration list for PBXProject "OPKTerminal" */;
			compatibilityVersion = "Xcode 14.0";
			developmentRegion = en;
			hasScannedForEncodings = 0;
			knownRegions = (
				Base,
				en,
			);
			mainGroup = C6A65DFA614F04C09DB686F9;
			minimizedProjectReferenceProxies = 1;
			packageReferences = (
				EB503FD7FD856918BF43B45E /* XCLocalSwiftPackageReference "." */,
			);
			preferredProjectObjectVersion = 77;
			projectDirPath = "";
			projectRoot = "";
			targets = (
				F4BFD273662849820C685188 /* OPKTerminalApp */,
				132BBF504E0786330423FDD6 /* OPKTerminalAppTests */,
				CAD15416F078AE8FA6FC8994 /* OPKTerminalAppUITests */,
			);
		};
/* End PBXProject section */

/* Begin PBXResourcesBuildPhase section */
		D01AC93723DFEF45A9AC04AA /* Resources */ = {
			isa = PBXResourcesBuildPhase;
			buildActionMask = 2147483647;
			files = (
				FD23B81B13E22473F70114C8 /* Assets.xcassets in Resources */,
				AEFF5C1D371AFEC63EF71D07 /* PrivacyInfo.xcprivacy in Resources */,
			);
			runOnlyForDeploymentPostprocessing = 0;
		};
/* End PBXResourcesBuildPhase section */

/* Begin PBXSourcesBuildPhase section */
		02BE4F1D8A60CB1606BD1267 /* Sources */ = {
			isa = PBXSourcesBuildPhase;
			buildActionMask = 2147483647;
			files = (
				24A3B3857C566A3E872078E1 /* AdminPINStore.swift in Sources */,
				2F13DF7FB8F29D5F70B6668F /* AppModel.swift in Sources */,
				37BD6907BFAFECED9C45DCA1 /* AppSettings.swift in Sources */,
				F71F83A66D812664E182B08E /* ConfigurationAddressScanner.swift in Sources */,
				E10950392415D8088C0E0617 /* ContentView.swift in Sources */,
				18294CDA1F24EC91C766555B /* KeyboardDismissToolbar.swift in Sources */,
				E9FEADCFEDC07B1690B88069 /* OPKTerminalApp.swift in Sources */,
				55524B8FD1BC7FF27AA2FFC5 /* OperatorResetSafety.swift in Sources */,
				D956810EF9C3953161BF677F /* QRCodeImage.swift in Sources */,
				B0190206586F87221C7EA5F6 /* SettingsView.swift in Sources */,
				CCEFA0A1E5AABB9EC56F9F4E /* SettlementBatchGrouping.swift in Sources */,
				107353DCB6A3E4028A50B95B /* SettlementView.swift in Sources */,
				CE107B3D5F39B62D29C5AFAF /* StoredInvoice.swift in Sources */,
				243B86D5F9F16944DB0F35F6 /* StoredSettlement.swift in Sources */,
				59923466552070005599E7E4 /* TerminalReadiness.swift in Sources */,
			);
			runOnlyForDeploymentPostprocessing = 0;
		};
		12D6462DC2155D1494A025F2 /* Sources */ = {
			isa = PBXSourcesBuildPhase;
			buildActionMask = 2147483647;
			files = (
				2436BEC402F17C6C3F93D22E /* ProvisioningAppTests.swift in Sources */,
				5B7EA10B53873A3A531E7BA6 /* ResetAndSettlementGroupingTests.swift in Sources */,
				E8ED3530BDCEEAD129C18608 /* SettingsRecoveryAndSettlementGuardTests.swift in Sources */,
			);
			runOnlyForDeploymentPostprocessing = 0;
		};
		94FC335B41DEC07B3D9FB593 /* Sources */ = {
			isa = PBXSourcesBuildPhase;
			buildActionMask = 2147483647;
			files = (
				5671522D1F9D79A90AD94C12 /* KeyboardDismissalUITests.swift in Sources */,
			);
			runOnlyForDeploymentPostprocessing = 0;
		};
/* End PBXSourcesBuildPhase section */

/* Begin PBXTargetDependency section */
		68A60376F498003D24C8F610 /* PBXTargetDependency */ = {
			isa = PBXTargetDependency;
			target = F4BFD273662849820C685188 /* OPKTerminalApp */;
			targetProxy = E2657296D4FE3D2F0565A409 /* PBXContainerItemProxy */;
		};
		C176271119A99C20C4D9BB7D /* PBXTargetDependency */ = {
			isa = PBXTargetDependency;
			target = F4BFD273662849820C685188 /* OPKTerminalApp */;
			targetProxy = 60134365678F43096DC843DD /* PBXContainerItemProxy */;
		};
/* End PBXTargetDependency section */

/* Begin XCBuildConfiguration section */
		1BFCB202A8E49360FF0D6482 /* Debug */ = {
			isa = XCBuildConfiguration;
			buildSettings = {
				BUNDLE_LOADER = "$(TEST_HOST)";
				CODE_SIGN_STYLE = Automatic;
				DEVELOPMENT_TEAM = 3272Q6WG52;
				GENERATE_INFOPLIST_FILE = YES;
				LD_RUNPATH_SEARCH_PATHS = (
					"$(inherited)",
					"@executable_path/Frameworks",
					"@loader_path/Frameworks",
				);
				PRODUCT_BUNDLE_IDENTIFIER = com.openpasskey.terminal.ios.uitests;
				SDKROOT = iphoneos;
				SUPPORTED_PLATFORMS = "iphoneos iphonesimulator";
				SUPPORTS_MACCATALYST = NO;
				SUPPORTS_MAC_DESIGNED_FOR_IPHONE_IPAD = YES;
				SUPPORTS_XR_DESIGNED_FOR_IPHONE_IPAD = YES;
				TARGETED_DEVICE_FAMILY = "1,2";
				TEST_TARGET_NAME = OPKTerminalApp;
			};
			name = Debug;
		};
		6C37F784BC809DE9D8392AE6 /* Release */ = {
			isa = XCBuildConfiguration;
			buildSettings = {
				BUNDLE_LOADER = "$(TEST_HOST)";
				CODE_SIGN_STYLE = Automatic;
				DEVELOPMENT_TEAM = 3272Q6WG52;
				GENERATE_INFOPLIST_FILE = YES;
				LD_RUNPATH_SEARCH_PATHS = (
					"$(inherited)",
					"@executable_path/Frameworks",
					"@loader_path/Frameworks",
				);
				PRODUCT_BUNDLE_IDENTIFIER = com.openpasskey.terminal.ios.uitests;
				SDKROOT = iphoneos;
				SUPPORTED_PLATFORMS = "iphoneos iphonesimulator";
				SUPPORTS_MACCATALYST = NO;
				SUPPORTS_MAC_DESIGNED_FOR_IPHONE_IPAD = YES;
				SUPPORTS_XR_DESIGNED_FOR_IPHONE_IPAD = YES;
				TARGETED_DEVICE_FAMILY = "1,2";
				TEST_TARGET_NAME = OPKTerminalApp;
			};
			name = Release;
		};
		9303481F0A6849E856058C22 /* Debug */ = {
			isa = XCBuildConfiguration;
			buildSettings = {
				ASSETCATALOG_COMPILER_APPICON_NAME = AppIcon;
				CODE_SIGN_IDENTITY = "iPhone Developer";
				CODE_SIGN_STYLE = Automatic;
				CURRENT_PROJECT_VERSION = 12;
				DEVELOPMENT_TEAM = 3272Q6WG52;
				INFOPLIST_FILE = App/Resources/Info.plist;
				LD_RUNPATH_SEARCH_PATHS = (
					"$(inherited)",
					"@executable_path/Frameworks",
				);
				MARKETING_VERSION = 0.1.11;
				PRODUCT_BUNDLE_IDENTIFIER = com.openpasskey.terminal.ios;
				PRODUCT_MODULE_NAME = OPKTerminalApp;
				PRODUCT_NAME = "OPK Terminal";
				SDKROOT = iphoneos;
				SUPPORTED_PLATFORMS = "iphoneos iphonesimulator";
				SUPPORTS_MACCATALYST = NO;
				SUPPORTS_MAC_DESIGNED_FOR_IPHONE_IPAD = YES;
				SUPPORTS_XR_DESIGNED_FOR_IPHONE_IPAD = YES;
				SWIFT_STRICT_CONCURRENCY = complete;
				SWIFT_VERSION = 6.0;
				TARGETED_DEVICE_FAMILY = "1,2";
			};
			name = Debug;
		};
		A1ADC15BED415489AFF5F3B4 /* Release */ = {
			isa = XCBuildConfiguration;
			buildSettings = {
				BUNDLE_LOADER = "$(TEST_HOST)";
				CODE_SIGN_STYLE = Automatic;
				DEVELOPMENT_TEAM = 3272Q6WG52;
				GENERATE_INFOPLIST_FILE = YES;
				LD_RUNPATH_SEARCH_PATHS = (
					"$(inherited)",
					"@executable_path/Frameworks",
					"@loader_path/Frameworks",
				);
				PRODUCT_BUNDLE_IDENTIFIER = com.openpasskey.terminal.ios.tests;
				SDKROOT = iphoneos;
				SUPPORTED_PLATFORMS = "iphoneos iphonesimulator";
				SUPPORTS_MACCATALYST = NO;
				SUPPORTS_MAC_DESIGNED_FOR_IPHONE_IPAD = YES;
				SUPPORTS_XR_DESIGNED_FOR_IPHONE_IPAD = YES;
				TARGETED_DEVICE_FAMILY = "1,2";
				TEST_HOST = "$(BUILT_PRODUCTS_DIR)/OPK Terminal.app/OPK Terminal";
			};
			name = Release;
		};
		ABA8498F1DF488359D5691C0 /* Debug */ = {
			isa = XCBuildConfiguration;
			buildSettings = {
				BUNDLE_LOADER = "$(TEST_HOST)";
				CODE_SIGN_STYLE = Automatic;
				DEVELOPMENT_TEAM = 3272Q6WG52;
				GENERATE_INFOPLIST_FILE = YES;
				LD_RUNPATH_SEARCH_PATHS = (
					"$(inherited)",
					"@executable_path/Frameworks",
					"@loader_path/Frameworks",
				);
				PRODUCT_BUNDLE_IDENTIFIER = com.openpasskey.terminal.ios.tests;
				SDKROOT = iphoneos;
				SUPPORTED_PLATFORMS = "iphoneos iphonesimulator";
				SUPPORTS_MACCATALYST = NO;
				SUPPORTS_MAC_DESIGNED_FOR_IPHONE_IPAD = YES;
				SUPPORTS_XR_DESIGNED_FOR_IPHONE_IPAD = YES;
				TARGETED_DEVICE_FAMILY = "1,2";
				TEST_HOST = "$(BUILT_PRODUCTS_DIR)/OPK Terminal.app/OPK Terminal";
			};
			name = Debug;
		};
		B0BA81E42669EC06DFB34BDF /* Release */ = {
			isa = XCBuildConfiguration;
			buildSettings = {
				ALWAYS_SEARCH_USER_PATHS = NO;
				CLANG_ANALYZER_NONNULL = YES;
				CLANG_ANALYZER_NUMBER_OBJECT_CONVERSION = YES_AGGRESSIVE;
				CLANG_CXX_LANGUAGE_STANDARD = "gnu++14";
				CLANG_CXX_LIBRARY = "libc++";
				CLANG_ENABLE_MODULES = YES;
				CLANG_ENABLE_OBJC_ARC = YES;
				CLANG_ENABLE_OBJC_WEAK = YES;
				CLANG_WARN_BLOCK_CAPTURE_AUTORELEASING = YES;
				CLANG_WARN_BOOL_CONVERSION = YES;
				CLANG_WARN_COMMA = YES;
				CLANG_WARN_CONSTANT_CONVERSION = YES;
				CLANG_WARN_DEPRECATED_OBJC_IMPLEMENTATIONS = YES;
				CLANG_WARN_DIRECT_OBJC_ISA_USAGE = YES_ERROR;
				CLANG_WARN_DOCUMENTATION_COMMENTS = YES;
				CLANG_WARN_EMPTY_BODY = YES;
				CLANG_WARN_ENUM_CONVERSION = YES;
				CLANG_WARN_INFINITE_RECURSION = YES;
				CLANG_WARN_INT_CONVERSION = YES;
				CLANG_WARN_NON_LITERAL_NULL_CONVERSION = YES;
				CLANG_WARN_OBJC_IMPLICIT_RETAIN_SELF = YES;
				CLANG_WARN_OBJC_LITERAL_CONVERSION = YES;
				CLANG_WARN_OBJC_ROOT_CLASS = YES_ERROR;
				CLANG_WARN_QUOTED_INCLUDE_IN_FRAMEWORK_HEADER = YES;
				CLANG_WARN_RANGE_LOOP_ANALYSIS = YES;
				CLANG_WARN_STRICT_PROTOTYPES = YES;
				CLANG_WARN_SUSPICIOUS_MOVE = YES;
				CLANG_WARN_UNGUARDED_AVAILABILITY = YES_AGGRESSIVE;
				CLANG_WARN_UNREACHABLE_CODE = YES;
				CLANG_WARN__DUPLICATE_METHOD_MATCH = YES;
				COPY_PHASE_STRIP = NO;
				DEBUG_INFORMATION_FORMAT = "dwarf-with-dsym";
				ENABLE_NS_ASSERTIONS = NO;
				ENABLE_STRICT_OBJC_MSGSEND = YES;
				GCC_C_LANGUAGE_STANDARD = gnu11;
				GCC_NO_COMMON_BLOCKS = YES;
				GCC_WARN_64_TO_32_BIT_CONVERSION = YES;
				GCC_WARN_ABOUT_RETURN_TYPE = YES_ERROR;
				GCC_WARN_UNDECLARED_SELECTOR = YES;
				GCC_WARN_UNINITIALIZED_AUTOS = YES_AGGRESSIVE;
				GCC_WARN_UNUSED_FUNCTION = YES;
				GCC_WARN_UNUSED_VARIABLE = YES;
				IPHONEOS_DEPLOYMENT_TARGET = 17.0;
				MTL_ENABLE_DEBUG_INFO = NO;
				MTL_FAST_MATH = YES;
				PRODUCT_NAME = "$(TARGET_NAME)";
				SDKROOT = iphoneos;
				SWIFT_COMPILATION_MODE = wholemodule;
				SWIFT_OPTIMIZATION_LEVEL = "-O";
				SWIFT_VERSION = 5.0;
			};
			name = Release;
		};
		E97FED1026278C0E8E0D9474 /* Debug */ = {
			isa = XCBuildConfiguration;
			buildSettings = {
				ALWAYS_SEARCH_USER_PATHS = NO;
				CLANG_ANALYZER_NONNULL = YES;
				CLANG_ANALYZER_NUMBER_OBJECT_CONVERSION = YES_AGGRESSIVE;
				CLANG_CXX_LANGUAGE_STANDARD = "gnu++14";
				CLANG_CXX_LIBRARY = "libc++";
				CLANG_ENABLE_MODULES = YES;
				CLANG_ENABLE_OBJC_ARC = YES;
				CLANG_ENABLE_OBJC_WEAK = YES;
				CLANG_WARN_BLOCK_CAPTURE_AUTORELEASING = YES;
				CLANG_WARN_BOOL_CONVERSION = YES;
				CLANG_WARN_COMMA = YES;
				CLANG_WARN_CONSTANT_CONVERSION = YES;
				CLANG_WARN_DEPRECATED_OBJC_IMPLEMENTATIONS = YES;
				CLANG_WARN_DIRECT_OBJC_ISA_USAGE = YES_ERROR;
				CLANG_WARN_DOCUMENTATION_COMMENTS = YES;
				CLANG_WARN_EMPTY_BODY = YES;
				CLANG_WARN_ENUM_CONVERSION = YES;
				CLANG_WARN_INFINITE_RECURSION = YES;
				CLANG_WARN_INT_CONVERSION = YES;
				CLANG_WARN_NON_LITERAL_NULL_CONVERSION = YES;
				CLANG_WARN_OBJC_IMPLICIT_RETAIN_SELF = YES;
				CLANG_WARN_OBJC_LITERAL_CONVERSION = YES;
				CLANG_WARN_OBJC_ROOT_CLASS = YES_ERROR;
				CLANG_WARN_QUOTED_INCLUDE_IN_FRAMEWORK_HEADER = YES;
				CLANG_WARN_RANGE_LOOP_ANALYSIS = YES;
				CLANG_WARN_STRICT_PROTOTYPES = YES;
				CLANG_WARN_SUSPICIOUS_MOVE = YES;
				CLANG_WARN_UNGUARDED_AVAILABILITY = YES_AGGRESSIVE;
				CLANG_WARN_UNREACHABLE_CODE = YES;
				CLANG_WARN__DUPLICATE_METHOD_MATCH = YES;
				COPY_PHASE_STRIP = NO;
				DEBUG_INFORMATION_FORMAT = dwarf;
				ENABLE_STRICT_OBJC_MSGSEND = YES;
				ENABLE_TESTABILITY = YES;
				GCC_C_LANGUAGE_STANDARD = gnu11;
				GCC_DYNAMIC_NO_PIC = NO;
				GCC_NO_COMMON_BLOCKS = YES;
				GCC_OPTIMIZATION_LEVEL = 0;
				GCC_PREPROCESSOR_DEFINITIONS = (
					"$(inherited)",
					"DEBUG=1",
				);
				GCC_WARN_64_TO_32_BIT_CONVERSION = YES;
				GCC_WARN_ABOUT_RETURN_TYPE = YES_ERROR;
				GCC_WARN_UNDECLARED_SELECTOR = YES;
				GCC_WARN_UNINITIALIZED_AUTOS = YES_AGGRESSIVE;
				GCC_WARN_UNUSED_FUNCTION = YES;
				GCC_WARN_UNUSED_VARIABLE = YES;
				IPHONEOS_DEPLOYMENT_TARGET = 17.0;
				MTL_ENABLE_DEBUG_INFO = INCLUDE_SOURCE;
				MTL_FAST_MATH = YES;
				ONLY_ACTIVE_ARCH = YES;
				PRODUCT_NAME = "$(TARGET_NAME)";
				SDKROOT = iphoneos;
				SWIFT_ACTIVE_COMPILATION_CONDITIONS = DEBUG;
				SWIFT_OPTIMIZATION_LEVEL = "-Onone";
				SWIFT_VERSION = 5.0;
			};
			name = Debug;
		};
		E9C7E87CC610869E606B0F26 /* Release */ = {
			isa = XCBuildConfiguration;
			buildSettings = {
				ASSETCATALOG_COMPILER_APPICON_NAME = AppIcon;
				CODE_SIGN_IDENTITY = "iPhone Developer";
				CODE_SIGN_STYLE = Automatic;
				CURRENT_PROJECT_VERSION = 12;
				DEVELOPMENT_TEAM = 3272Q6WG52;
				INFOPLIST_FILE = App/Resources/Info.plist;
				LD_RUNPATH_SEARCH_PATHS = (
					"$(inherited)",
					"@executable_path/Frameworks",
				);
				MARKETING_VERSION = 0.1.11;
				PRODUCT_BUNDLE_IDENTIFIER = com.openpasskey.terminal.ios;
				PRODUCT_MODULE_NAME = OPKTerminalApp;
				PRODUCT_NAME = "OPK Terminal";
				SDKROOT = iphoneos;
				SUPPORTED_PLATFORMS = "iphoneos iphonesimulator";
				SUPPORTS_MACCATALYST = NO;
				SUPPORTS_MAC_DESIGNED_FOR_IPHONE_IPAD = YES;
				SUPPORTS_XR_DESIGNED_FOR_IPHONE_IPAD = YES;
				SWIFT_STRICT_CONCURRENCY = complete;
				SWIFT_VERSION = 6.0;
				TARGETED_DEVICE_FAMILY = "1,2";
			};
			name = Release;
		};
/* End XCBuildConfiguration section */

/* Begin XCConfigurationList section */
		6387FF0D5B7FB26E4B1FADF4 /* Build configuration list for PBXNativeTarget "OPKTerminalAppUITests" */ = {
			isa = XCConfigurationList;
			buildConfigurations = (
				1BFCB202A8E49360FF0D6482 /* Debug */,
				6C37F784BC809DE9D8392AE6 /* Release */,
			);
			defaultConfigurationIsVisible = 0;
			defaultConfigurationName = Debug;
		};
		783D262C827E7BAC27E353C6 /* Build configuration list for PBXNativeTarget "OPKTerminalApp" */ = {
			isa = XCConfigurationList;
			buildConfigurations = (
				9303481F0A6849E856058C22 /* Debug */,
				E9C7E87CC610869E606B0F26 /* Release */,
			);
			defaultConfigurationIsVisible = 0;
			defaultConfigurationName = Debug;
		};
		9A494CF93D863B22836C6EF6 /* Build configuration list for PBXNativeTarget "OPKTerminalAppTests" */ = {
			isa = XCConfigurationList;
			buildConfigurations = (
				ABA8498F1DF488359D5691C0 /* Debug */,
				A1ADC15BED415489AFF5F3B4 /* Release */,
			);
			defaultConfigurationIsVisible = 0;
			defaultConfigurationName = Debug;
		};
		C5C287ACC568CE0B21475EE3 /* Build configuration list for PBXProject "OPKTerminal" */ = {
			isa = XCConfigurationList;
			buildConfigurations = (
				E97FED1026278C0E8E0D9474 /* Debug */,
				B0BA81E42669EC06DFB34BDF /* Release */,
			);
			defaultConfigurationIsVisible = 0;
			defaultConfigurationName = Debug;
		};
/* End XCConfigurationList section */

/* Begin XCLocalSwiftPackageReference section */
		EB503FD7FD856918BF43B45E /* XCLocalSwiftPackageReference "." */ = {
			isa = XCLocalSwiftPackageReference;
			relativePath = .;
		};
/* End XCLocalSwiftPackageReference section */

/* Begin XCSwiftPackageProductDependency section */
		2BF56EF401912BF58C4AA87D /* OPKTerminalRPC */ = {
			isa = XCSwiftPackageProductDependency;
			productName = OPKTerminalRPC;
		};
		7AF6210BF2588C4F6C012D4C /* OPKTerminalCore */ = {
			isa = XCSwiftPackageProductDependency;
			productName = OPKTerminalCore;
		};
		90808346033FEC346AAA9AAD /* OPKTerminalOperator */ = {
			isa = XCSwiftPackageProductDependency;
			productName = OPKTerminalOperator;
		};
		AFD32C7E83DA8AC8ADB7EB8E /* OPKTerminalOperator */ = {
			isa = XCSwiftPackageProductDependency;
			productName = OPKTerminalOperator;
		};
		FA75F3B1C18EDE2317F306B5 /* OPKTerminalCore */ = {
			isa = XCSwiftPackageProductDependency;
			productName = OPKTerminalCore;
		};
/* End XCSwiftPackageProductDependency section */
	};
	rootObject = 4150EA981F4E70969C53DF2C /* Project object */;
}
